// !$*UTF8*$!
{
	archiveVersion = 1;
	classes = {
	};
	objectVersion = 56;
	objects = {

/* Begin PBXBuildFile section */
		AA000001 /* CodeSergeantApp.swift in Sources */ = {isa = PBXBuildFile; fileRef = AA000002 /* CodeSergeantApp.swift */; };
		AA000003 /* DashboardView.swift in Sources */ = {isa = PBXBuildFile; fileRef = AA000004 /* DashboardView.swift */; };
		AA000005 /* MenuBarView.swift in Sources */ = {isa = PBXBuildFile; fileRef = AA000006 /* MenuBarView.swift */; };
		AA000007 /* SettingsView.swift in Sources */ = {isa = PBXBuildFile; fileRef = AA000008 /* SettingsView.swift */; };
		AA000009 /* GlassCard.swift in Sources */ = {isa = PBXBuildFile; fileRef = AA00000A /* GlassCard.swift */; };
		AA00000B /* LiquidButton.swift in Sources */ = {isa = PBXBuildFile; fileRef = AA00000C /* LiquidButton.swift */; };
		AA00000D /* TimerDisplay.swift in Sources */ = {isa = PBXBuildFile; fileRef = AA00000E /* TimerDisplay.swift */; };
		AA00000F /* SessionModel.swift in Sources */ = {isa = PBXBuildFile; fileRef = AA000010 /* SessionModel.swift */; };
		AA000011 /* ConfigModel.swift in Sources */ = {isa = PBXBuildFile; fileRef = AA000012 /* ConfigModel.swift */; };
		AA000013 /* PythonBridge.swift in Sources */ = {isa = PBXBuildFile; fileRef = AA000014 /* PythonBridge.swift */; };
		AA000015 /* GlassEffect.swift in Sources */ = {isa = PBXBuildFile; fileRef = AA000016 /* GlassEffect.swift */; };
		AA000017 /* Assets.xcassets in Resources */ = {isa = PBXBuildFile; fileRef = AA000018 /* Assets.xcassets */; };
		AA00002F /* XPDisplay.swift in Sources */ = {isa = PBXBuildFile; fileRef = AA000030 /* XPDisplay.swift */; };
		AA000031 /* WarningStrobeOverlay.swift in Sources */ = {isa = PBXBuildFile; fileRef = AA000032 /* WarningStrobeOverlay.swift */; };
/* End PBXBuildFile section */

/* Begin PBXFileReference section */
		AA000019 /* CodeSergeantUI.app */ = {isa = PBXFileReference; explicitFileType = wrapper.application; includeInIndex = 0; path = CodeSergeantUI.app; sourceTree = BUILT_PRODUCTS_DIR; };
		AA000002 /* CodeSergeantApp.swift */ = {isa = PBXFileReference; lastKnownFileType = sourcecode.swift; path = CodeSergeantApp.swift; sourceTree = "<group>"; };
		AA000004 /* DashboardView.swift */ = {isa = PBXFileReference; lastKnownFileType = sourcecode.swift; path = DashboardView.swift; sourceTree = "<group>"; };
		AA000006 /* MenuBarView.swift */ = {isa = PBXFileReference; lastKnownFileType = sourcecode.swift; path = MenuBarView.swift; sourceTree = "<group>"; };
		AA000008 /* SettingsView.swift */ = {isa = PBXFileReference; lastKnownFileType = sourcecode.swift; path = SettingsView.swift; sourceTree = "<group>"; };
		AA00000A /* GlassCard.swift */ = {isa = PBXFileReference; lastKnownFileType = sourcecode.swift; path = GlassCard.swift; sourceTree = "<group>"; };
		AA00000C /* LiquidButton.swift */ = {isa = PBXFileReference; lastKnownFileType = sourcecode.swift; path = LiquidButton.swift; sourceTree = "<group>"; };
		AA00000E /* TimerDisplay.swift */ = {isa = PBXFileReference; lastKnownFileType = sourcecode.swift; path = TimerDisplay.swift; sourceTree = "<group>"; };
		AA000010 /* SessionModel.swift */ = {isa = PBXFileReference; lastKnownFileType = sourcecode.swift; path = SessionModel.swift; sourceTree = "<group>"; };
		AA000012 /* ConfigModel.swift */ = {isa = PBXFileReference; lastKnownFileType = sourcecode.swift; path = ConfigModel.swift; sourceTree = "<group>"; };
		AA000014 /* PythonBridge.swift */ = {isa = PBXFileReference; lastKnownFileType = sourcecode.swift; path = PythonBridge.swift; sourceTree = "<group>"; };
		AA000016 /* GlassEffect.swift */ = {isa = PBXFileReference; lastKnownFileType = sourcecode.swift; path = GlassEffect.swift; sourceTree = "<group>"; };
		AA000018 /* Assets.xcassets */ = {isa = PBXFileReference; lastKnownFileType = folder.assetcatalog; path = Resources/Assets.xcassets; sourceTree = "<group>"; };
		AA00001A /* Info.plist */ = {isa = PBXFileReference; lastKnownFileType = text.plist.xml; path = Info.plist; sourceTree = "<group>"; };
		AA00001B /* CodeSergeantUI.entitlements */ = {isa = PBXFileReference; lastKnownFileType = text.plist.entitlements; path = CodeSergeantUI.entitlements; sourceTree = "<group>"; };
		AA000030 /* XPDisplay.swift */ = {isa = PBXFileReference; lastKnownFileType = sourcecode.swift; path = XPDisplay.swift; sourceTree = "<group>"; };
		AA000032 /* WarningStrobeOverlay.swift */ = {isa = PBXFileReference; lastKnownFileType = sourcecode.swift; path = WarningStrobeOverlay.swift; sourceTree = "<group>"; };
/* End PBXFileReference section */

/* Begin PBXFrameworksBuildPhase section */
		AA00001C /* Frameworks */ = {
			isa = PBXFrameworksBuildPhase;
			buildActionMask = 2147483647;
			files = (
			);
			runOnlyForDeploymentPostprocessing = 0;
		};
/* End PBXFrameworksBuildPhase section */

/* Begin PBXGroup section */
		AA00001D = {
			isa = PBXGroup;
			children = (
				AA00001E /* CodeSergeantUI */,
				AA00001F /* Products */,
			);
			sourceTree = "<group>";
		};
		AA00001F /* Products */ = {
			isa = PBXGroup;
			children = (
				AA000019 /* CodeSergeantUI.app */,
			);
			name = Products;
			sourceTree = "<group>";
		};
		AA00001E /* CodeSergeantUI */ = {
			isa = PBXGroup;
			children = (
				AA000002 /* CodeSergeantApp.swift */,
				AA000020 /* Views */,
				AA000021 /* Models */,
				AA000022 /* Services */,
				AA000023 /* Resources */,
				AA00001A /* Info.plist */,
				AA00001B /* CodeSergeantUI.entitlements */,
			);
			path = .;
			sourceTree = "<group>";
		};
		AA000020 /* Views */ = {
			isa = PBXGroup;
			children = (
				AA000004 /* DashboardView.swift */,
				AA000006 /* MenuBarView.swift */,
				AA000008 /* SettingsView.swift */,
				AA000024 /* Components */,
			);
			path = Views;
			sourceTree = "<group>";
		};
		AA000024 /* Components */ = {
			isa = PBXGroup;
			children = (
				AA00000A /* GlassCard.swift */,
				AA00000C /* LiquidButton.swift */,
				AA00000E /* TimerDisplay.swift */,
				AA000030 /* XPDisplay.swift */,
				AA000032 /* WarningStrobeOverlay.swift */,
			);
			path = Components;
			sourceTree = "<group>";
		};
		AA000021 /* Models */ = {
			isa = PBXGroup;
			children = (
				AA000010 /* SessionModel.swift */,
				AA000012 /* ConfigModel.swift */,
			);
			path = Models;
			sourceTree = "<group>";
		};
		AA000022 /* Services */ = {
			isa = PBXGroup;
			children = (
				AA000014 /* PythonBridge.swift */,
				AA000016 /* GlassEffect.swift */,
			);
			path = Services;
			sourceTree = "<group>";
		};
		AA000023 /* Resources */ = {
			isa = PBXGroup;
			children = (
				AA000018 /* Assets.xcassets */,
			);
			path = Resources;
			sourceTree = "<group>";
		};
/* End PBXGroup section */

/* Begin PBXNativeTarget section */
		AA000025 /* CodeSergeantUI */ = {
			isa = PBXNativeTarget;
			buildConfigurationList = AA000026 /* Build configuration list for PBXNativeTarget "CodeSergeantUI" */;
			buildPhases = (
				AA000027 /* Sources */,
				AA00001C /* Frameworks */,
				AA000028 /* Resources */,
			);
			buildRules = (
			);
			dependencies = (
			);
			name = CodeSergeantUI;
			productName = CodeSergeantUI;
			productReference = AA000019 /* CodeSergeantUI.app */;
			productType = "com.apple.product-type.application";
		};
/* End PBXNativeTarget section */

/* Begin PBXProject section */
		AA000029 /* Project object */ = {
			isa = PBXProject;
			attributes = {
				BuildIndependentTargetsInParallel = 1;
				LastSwiftUpdateCheck = 1500;
				LastUpgradeCheck = 1500;
				TargetAttributes = {
					AA000025 = {
						CreatedOnToolsVersion = 15.0;
					};
				};
			};
			buildConfigurationList = AA00002A /* Build configuration list for PBXProject "CodeSergeantUI" */;
			compatibilityVersion = "Xcode 14.0";
			developmentRegion = en;
			hasScannedForEncodings = 0;
			knownRegions = (
				en,
				Base,
			);
			mainGroup = AA00001D;
			productRefGroup = AA00001F /* Products */;
			projectDirPath = "";
			projectRoot = "";
			targets = (
				AA000025 /* CodeSergeantUI */,
			);
		};
/* End PBXProject section */

/* Begin PBXResourcesBuildPhase section */
		AA000028 /* Resources */ = {
			isa = PBXResourcesBuildPhase;
			buildActionMask = 2147483647;
			files = (
				AA000017 /* Assets.xcassets in Resources */,
			);
			runOnlyForDeploymentPostprocessing = 0;
		};
/* End PBXResourcesBuildPhase section */

/* Begin PBXSourcesBuildPhase section */
		AA000027 /* Sources */ = {
			isa = PBXSourcesBuildPhase;
			buildActionMask = 2147483647;
			files = (
				AA000001 /* CodeSergeantApp.swift in Sources */,
				AA000003 /* DashboardView.swift in Sources */,
				AA000005 /* MenuBarView.swift in Sources */,
				AA000007 /* SettingsView.swift in Sources */,
				AA000009 /* GlassCard.swift in Sources */,
				AA00000B /* LiquidButton.swift in Sources */,
				AA00000D /* TimerDisplay.swift in Sources */,
				AA00000F /* SessionModel.swift in Sources */,
				AA000011 /* ConfigModel.swift in Sources */,
				AA000013 /* PythonBridge.swift in Sources */,
				AA000015 /* GlassEffect.swift in Sources */,
				AA00002F /* XPDisplay.swift in Sources */,
				AA000031 /* WarningStrobeOverlay.swift in Sources */,
			);
			runOnlyForDeploymentPostprocessing = 0;
		};
/* End PBXSourcesBuildPhase section */

/* Begin XCBuildConfiguration section */
		AA00002B /* Debug */ = {
			isa = XCBuildConfiguration;
			buildSettings = {
				ALWAYS_SEARCH_USER_PATHS = NO;
				ASSETCATALOG_COMPILER_APPICON_NAME = AppIcon;
				ASSETCATALOG_COMPILER_GLOBAL_ACCENT_COLOR_NAME = AccentColor;
				CLANG_ANALYZER_NONNULL = YES;
				CLANG_ANALYZER_NUMBER_OBJECT_CONVERSION = YES_AGGRESSIVE;
				CLANG_CXX_LANGUAGE_STANDARD = "gnu++20";
				CLANG_ENABLE_MODULES = YES;
				CLANG_ENABLE_OBJC_ARC = YES;
				CLANG_ENABLE_OBJC_WEAK = YES;
				CLANG_WARN_BLOCK_CAPTURE_AUTORELEASING = YES;
				CLANG_WARN_BOOL_CONVERSION = YES;
				CLANG_WARN_COMMA = YES;
				CLANG_WARN_CONSTANT_CONVERSION = YES;
				CLANG_WARN_DEPRECATED_OBJC_IMPLEMENTATIONS = YES;
				CLANG_WARN_DIRECT_OBJC_ISA_USAGE = YES_ERROR;
				CLANG_WARN_DOCUMENTATION_COMMENTS = YES;
				CLANG_WARN_EMPTY_BODY = YES;
				CLANG_WARN_ENUM_CONVERSION = YES;
				CLANG_WARN_INFINITE_RECURSION = YES;
				CLANG_WARN_INT_CONVERSION = YES;
				CLANG_WARN_NON_LITERAL_NULL_CONVERSION = YES;
				CLANG_WARN_OBJC_IMPLICIT_RETAIN_SELF = YES;
				CLANG_WARN_OBJC_LITERAL_CONVERSION = YES;
				CLANG_WARN_OBJC_ROOT_CLASS = YES_ERROR;
				CLANG_WARN_QUOTED_INCLUDE_IN_FRAMEWORK_HEADER = YES;
				CLANG_WARN_RANGE_LOOP_ANALYSIS = YES;
				CLANG_WARN_STRICT_PROTOTYPES = YES;
				CLANG_WARN_SUSPICIOUS_MOVE = YES;
				CLANG_WARN_UNGUARDED_AVAILABILITY = YES_AGGRESSIVE;
				CLANG_WARN_UNREACHABLE_CODE = YES;
				CLANG_WARN__DUPLICATE_METHOD_MATCH = YES;
				CODE_SIGN_ENTITLEMENTS = CodeSergeantUI.entitlements;
				CODE_SIGN_STYLE = Automatic;
				COMBINE_HIDPI_IMAGES = YES;
				COPY_PHASE_STRIP = NO;
				DEBUG_INFORMATION_FORMAT = dwarf;
				DEVELOPMENT_TEAM = "";
				ENABLE_HARDENED_RUNTIME = YES;
				ENABLE_STRICT_OBJC_MSGSEND = YES;
				ENABLE_TESTABILITY = YES;
				ENABLE_USER_SCRIPT_SANDBOXING = YES;
				GCC_C_LANGUAGE_STANDARD = gnu17;
				GCC_DYNAMIC_NO_PIC = NO;
				GCC_NO_COMMON_BLOCKS = YES;
				GCC_OPTIMIZATION_LEVEL = 0;
				GCC_PREPROCESSOR_DEFINITIONS = (
					"DEBUG=1",
					"$(inherited)",
				);
				GCC_WARN_64_TO_32_BIT_CONVERSION = YES;
				GCC_WARN_ABOUT_RETURN_TYPE = YES_ERROR;
				GCC_WARN_UNDECLARED_SELECTOR = YES;
				GCC_WARN_UNINITIALIZED_AUTOS = YES_AGGRESSIVE;
				GCC_WARN_UNUSED_FUNCTION = YES;
				GCC_WARN_UNUSED_VARIABLE = YES;
				INFOPLIST_FILE = Info.plist;
				INFOPLIST_KEY_NSHumanReadableCopyright = "";
				LD_RUNPATH_SEARCH_PATHS = (
					"$(inherited)",
					"@executable_path/../Frameworks",
				);
				MACOSX_DEPLOYMENT_TARGET = 14.0;
				MTL_ENABLE_DEBUG_INFO = INCLUDE_SOURCE;
				MTL_FAST_MATH = YES;
				ONLY_ACTIVE_ARCH = YES;
				PRODUCT_BUNDLE_IDENTIFIER = com.codesergeant.CodeSergeantUI;
				PRODUCT_NAME = "$(TARGET_NAME)";
				SDKROOT = macosx;
				SWIFT_ACTIVE_COMPILATION_CONDITIONS = "DEBUG $(inherited)";
				SWIFT_OPTIMIZATION_LEVEL = "-Onone";
				SWIFT_VERSION = 5.9;
			};
			name = Debug;
		};
		AA00002C /* Release */ = {
			isa = XCBuildConfiguration;
			buildSettings = {
				ALWAYS_SEARCH_USER_PATHS = NO;
				ASSETCATALOG_COMPILER_APPICON_NAME = AppIcon;
				ASSETCATALOG_COMPILER_GLOBAL_ACCENT_COLOR_NAME = AccentColor;
				CLANG_ANALYZER_NONNULL = YES;
				CLANG_ANALYZER_NUMBER_OBJECT_CONVERSION = YES_AGGRESSIVE;
				CLANG_CXX_LANGUAGE_STANDARD = "gnu++20";
				CLANG_ENABLE_MODULES = YES;
				CLANG_ENABLE_OBJC_ARC = YES;
				CLANG_ENABLE_OBJC_WEAK = YES;
				CLANG_WARN_BLOCK_CAPTURE_AUTORELEASING = YES;
				CLANG_WARN_BOOL_CONVERSION = YES;
				CLANG_WARN_COMMA = YES;
				CLANG_WARN_CONSTANT_CONVERSION = YES;
				CLANG_WARN_DEPRECATED_OBJC_IMPLEMENTATIONS = YES;
				CLANG_WARN_DIRECT_OBJC_ISA_USAGE = YES_ERROR;
				CLANG_WARN_DOCUMENTATION_COMMENTS = YES;
				CLANG_WARN_EMPTY_BODY = YES;
				CLANG_WARN_ENUM_CONVERSION = YES;
				CLANG_WARN_INFINITE_RECURSION = YES;
				CLANG_WARN_INT_CONVERSION = YES;
				CLANG_WARN_NON_LITERAL_NULL_CONVERSION = YES;
				CLANG_WARN_OBJC_IMPLICIT_RETAIN_SELF = YES;
				CLANG_WARN_OBJC_LITERAL_CONVERSION = YES;
				CLANG_WARN_OBJC_ROOT_CLASS = YES_ERROR;
				CLANG_WARN_QUOTED_INCLUDE_IN_FRAMEWORK_HEADER = YES;
				CLANG_WARN_RANGE_LOOP_ANALYSIS = YES;
				CLANG_WARN_STRICT_PROTOTYPES = YES;
				CLANG_WARN_SUSPICIOUS_MOVE = YES;
				CLANG_WARN_UNGUARDED_AVAILABILITY = YES_AGGRESSIVE;
				CLANG_WARN_UNREACHABLE_CODE = YES;
				CLANG_WARN__DUPLICATE_METHOD_MATCH = YES;
				CODE_SIGN_ENTITLEMENTS = CodeSergeantUI.entitlements;
				CODE_SIGN_STYLE = Automatic;
				COMBINE_HIDPI_IMAGES = YES;
				COPY_PHASE_STRIP = NO;
				DEBUG_INFORMATION_FORMAT = "dwarf-with-dsym";
				DEVELOPMENT_TEAM = "";
				ENABLE_HARDENED_RUNTIME = YES;
				ENABLE_NS_ASSERTIONS = NO;
				ENABLE_STRICT_OBJC_MSGSEND = YES;
				ENABLE_USER_SCRIPT_SANDBOXING = YES;
				GCC_C_LANGUAGE_STANDARD = gnu17;
				GCC_NO_COMMON_BLOCKS = YES;
				GCC_WARN_64_TO_32_BIT_CONVERSION = YES;
				GCC_WARN_ABOUT_RETURN_TYPE = YES_ERROR;
				GCC_WARN_UNDECLARED_SELECTOR = YES;
				GCC_WARN_UNINITIALIZED_AUTOS = YES_AGGRESSIVE;
				GCC_WARN_UNUSED_FUNCTION = YES;
				GCC_WARN_UNUSED_VARIABLE = YES;
				INFOPLIST_FILE = Info.plist;
				INFOPLIST_KEY_NSHumanReadableCopyright = "";
				LD_RUNPATH_SEARCH_PATHS = (
					"$(inherited)",
					"@executable_path/../Frameworks",
				);
				MACOSX_DEPLOYMENT_TARGET = 14.0;
				MTL_ENABLE_DEBUG_INFO = NO;
				MTL_FAST_MATH = YES;
				PRODUCT_BUNDLE_IDENTIFIER = com.codesergeant.CodeSergeantUI;
				PRODUCT_NAME = "$(TARGET_NAME)";
				SDKROOT = macosx;
				SWIFT_COMPILATION_MODE = wholemodule;
				SWIFT_OPTIMIZATION_LEVEL = "-O";
				SWIFT_VERSION = 5.9;
			};
			name = Release;
		};
		AA00002D /* Debug */ = {
			isa = XCBuildConfiguration;
			buildSettings = {
				ASSETCATALOG_COMPILER_APPICON_NAME = AppIcon;
				ASSETCATALOG_COMPILER_GLOBAL_ACCENT_COLOR_NAME = AccentColor;
				CODE_SIGN_ENTITLEMENTS = CodeSergeantUI.entitlements;
				CODE_SIGN_STYLE = Automatic;
				COMBINE_HIDPI_IMAGES = YES;
				CURRENT_PROJECT_VERSION = 1;
				DEVELOPMENT_TEAM = "";
				ENABLE_HARDENED_RUNTIME = YES;
				ENABLE_PREVIEWS = YES;
				GENERATE_INFOPLIST_FILE = NO;
				INFOPLIST_FILE = Info.plist;
				INFOPLIST_KEY_NSHumanReadableCopyright = "";
				LD_RUNPATH_SEARCH_PATHS = (
					"$(inherited)",
					"@executable_path/../Frameworks",
				);
				MACOSX_DEPLOYMENT_TARGET = 14.0;
				MARKETING_VERSION = 2.0.0;
				PRODUCT_BUNDLE_IDENTIFIER = com.codesergeant.CodeSergeantUI;
				PRODUCT_NAME = "$(TARGET_NAME)";
				SDKROOT = macosx;
				SWIFT_EMIT_LOC_STRINGS = YES;
				SWIFT_VERSION = 5.9;
			};
			name = Debug;
		};
		AA00002E /* Release */ = {
			isa = XCBuildConfiguration;
			buildSettings = {
				ASSETCATALOG_COMPILER_APPICON_NAME = AppIcon;
				ASSETCATALOG_COMPILER_GLOBAL_ACCENT_COLOR_NAME = AccentColor;
				CODE_SIGN_ENTITLEMENTS = CodeSergeantUI.entitlements;
				CODE_SIGN_STYLE = Automatic;
				COMBINE_HIDPI_IMAGES = YES;
				CURRENT_PROJECT_VERSION = 1;
				DEVELOPMENT_TEAM = "";
				ENABLE_HARDENED_RUNTIME = YES;
				ENABLE_PREVIEWS = YES;
				GENERATE_INFOPLIST_FILE = NO;
				INFOPLIST_FILE = Info.plist;
				INFOPLIST_KEY_NSHumanReadableCopyright = "";
				LD_RUNPATH_SEARCH_PATHS = (
					"$(inherited)",
					"@executable_path/../Frameworks",
				);
				MACOSX_DEPLOYMENT_TARGET = 14.0;
				MARKETING_VERSION = 2.0.0;
				PRODUCT_BUNDLE_IDENTIFIER = com.codesergeant.CodeSergeantUI;
				PRODUCT_NAME = "$(TARGET_NAME)";
				SDKROOT = macosx;
				SWIFT_EMIT_LOC_STRINGS = YES;
				SWIFT_VERSION = 5.9;
			};
			name = Release;
		};
/* End XCBuildConfiguration section */

/* Begin XCConfigurationList section */
		AA00002A /* Build configuration list for PBXProject "CodeSergeantUI" */ = {
			isa = XCConfigurationList;
			buildConfigurations = (
				AA00002B /* Debug */,
				AA00002C /* Release */,
			);
			defaultConfigurationIsVisible = 0;
			defaultConfigurationName = Release;
		};
		AA000026 /* Build configuration list for PBXNativeTarget "CodeSergeantUI" */ = {
			isa = XCConfigurationList;
			buildConfigurations = (
				AA00002D /* Debug */,
				AA00002E /* Release */,
			);
			defaultConfigurationIsVisible = 0;
			defaultConfigurationName = Release;
		};
/* End XCConfigurationList section */
	};
	rootObject = AA000029 /* Project object */;
}

